// !$*UTF8*$!
{
	archiveVersion = 1;
	classes = {
	};
	objectVersion = 50;
	objects = {

/* Begin PBXBuildFile section */
		9884E56F214A17B600FDA237 /* AppDelegate.m in Sources */ = {isa = PBXBuildFile; fileRef = 9884E56E214A17B600FDA237 /* AppDelegate.m */; };
		9884E572214A17B600FDA237 /* ViewController.m in Sources */ = {isa = PBXBuildFile; fileRef = 9884E571214A17B600FDA237 /* ViewController.m */; };
		9884E575214A17B600FDA237 /* Main.storyboard in Resources */ = {isa = PBXBuildFile; fileRef = 9884E573214A17B600FDA237 /* Main.storyboard */; };
		9884E577214A17B700FDA237 /* Assets.xcassets in Resources */ = {isa = PBXBuildFile; fileRef = 9884E576214A17B700FDA237 /* Assets.xcassets */; };
		9884E57A214A17B700FDA237 /* LaunchScreen.storyboard in Resources */ = {isa = PBXBuildFile; fileRef = 9884E578214A17B700FDA237 /* LaunchScreen.storyboard */; };
		9884E57D214A17B700FDA237 /* main.m in Sources */ = {isa = PBXBuildFile; fileRef = 9884E57C214A17B700FDA237 /* main.m */; };
		9884E587214A23F000FDA237 /* PopMenuView.m in Sources */ = {isa = PBXBuildFile; fileRef = 9884E586214A23F000FDA237 /* PopMenuView.m */; };
		9884E5B6214A569C00FDA237 /* PopMenuListCell.m in Sources */ = {isa = PBXBuildFile; fileRef = 9884E5B4214A569C00FDA237 /* PopMenuListCell.m */; };
		9884E5B7214A569C00FDA237 /* PopMenuListCell.xib in Resources */ = {isa = PBXBuildFile; fileRef = 9884E5B5214A569C00FDA237 /* PopMenuListCell.xib */; };
/* End PBXBuildFile section */

/* Begin PBXFileReference section */
		9884E56A214A17B600FDA237 /* PopMenuView.app */ = {isa = PBXFileReference; explicitFileType = wrapper.application; includeInIndex = 0; path = PopMenuView.app; sourceTree = BUILT_PRODUCTS_DIR; };
		9884E56D214A17B600FDA237 /* AppDelegate.h */ = {isa = PBXFileReference; lastKnownFileType = sourcecode.c.h; path = AppDelegate.h; sourceTree = "<group>"; };
		9884E56E214A17B600FDA237 /* AppDelegate.m */ = {isa = PBXFileReference; lastKnownFileType = sourcecode.c.objc; path = AppDelegate.m; sourceTree = "<group>"; };
		9884E570214A17B600FDA237 /* ViewController.h */ = {isa = PBXFileReference; lastKnownFileType = sourcecode.c.h; path = ViewController.h; sourceTree = "<group>"; };
		9884E571214A17B600FDA237 /* ViewController.m */ = {isa = PBXFileReference; lastKnownFileType = sourcecode.c.objc; path = ViewController.m; sourceTree = "<group>"; };
		9884E574214A17B600FDA237 /* Base */ = {isa = PBXFileReference; lastKnownFileType = file.storyboard; name = Base; path = Base.lproj/Main.storyboard; sourceTree = "<group>"; };
		9884E576214A17B700FDA237 /* Assets.xcassets */ = {isa = PBXFileReference; lastKnownFileType = folder.assetcatalog; path = Assets.xcassets; sourceTree = "<group>"; };
		9884E579214A17B700FDA237 /* Base */ = {isa = PBXFileReference; lastKnownFileType = file.storyboard; name = Base; path = Base.lproj/LaunchScreen.storyboard; sourceTree = "<group>"; };
		9884E57B214A17B700FDA237 /* Info.plist */ = {isa = PBXFileReference; lastKnownFileType = text.plist.xml; path = Info.plist; sourceTree = "<group>"; };
		9884E57C214A17B700FDA237 /* main.m */ = {isa = PBXFileReference; lastKnownFileType = sourcecode.c.objc; path = main.m; sourceTree = "<group>"; };
		9884E585214A23F000FDA237 /* PopMenuView.h */ = {isa = PBXFileReference; lastKnownFileType = sourcecode.c.h; path = PopMenuView.h; sourceTree = "<group>"; };
		9884E586214A23F000FDA237 /* PopMenuView.m */ = {isa = PBXFileReference; lastKnownFileType = sourcecode.c.objc; path = PopMenuView.m; sourceTree = "<group>"; };
		9884E5B3214A569C00FDA237 /* PopMenuListCell.h */ = {isa = PBXFileReference; lastKnownFileType = sourcecode.c.h; path = PopMenuListCell.h; sourceTree = "<group>"; };
		9884E5B4214A569C00FDA237 /* PopMenuListCell.m */ = {isa = PBXFileReference; lastKnownFileType = sourcecode.c.objc; path = PopMenuListCell.m; sourceTree = "<group>"; };
		9884E5B5214A569C00FDA237 /* PopMenuListCell.xib */ = {isa = PBXFileReference; lastKnownFileType = file.xib; path = PopMenuListCell.xib; sourceTree = "<group>"; };
/* End PBXFileReference section */

/* Begin PBXFrameworksBuildPhase section */
		9884E567214A17B600FDA237 /* Frameworks */ = {
			isa = PBXFrameworksBuildPhase;
			buildActionMask = 2147483647;
			files = (
			);
			runOnlyForDeploymentPostprocessing = 0;
		};
/* End PBXFrameworksBuildPhase section */

/* Begin PBXGroup section */
		9884E561214A17B600FDA237 = {
			isa = PBXGroup;
			children = (
				9884E56C214A17B600FDA237 /* PopMenuView */,
				9884E56B214A17B600FDA237 /* Products */,
			);
			sourceTree = "<group>";
		};
		9884E56B214A17B600FDA237 /* Products */ = {
			isa = PBXGroup;
			children = (
				9884E56A214A17B600FDA237 /* PopMenuView.app */,
			);
			name = Products;
			sourceTree = "<group>";
		};
		9884E56C214A17B600FDA237 /* PopMenuView */ = {
			isa = PBXGroup;
			children = (
				9884E5BD214A5C6600FDA237 /* PopMenuView */,
				9884E56D214A17B600FDA237 /* AppDelegate.h */,
				9884E56E214A17B600FDA237 /* AppDelegate.m */,
				9884E570214A17B600FDA237 /* ViewController.h */,
				9884E571214A17B600FDA237 /* ViewController.m */,
				9884E573214A17B600FDA237 /* Main.storyboard */,
				9884E576214A17B700FDA237 /* Assets.xcassets */,
				9884E578214A17B700FDA237 /* LaunchScreen.storyboard */,
				9884E57B214A17B700FDA237 /* Info.plist */,
				9884E57C214A17B700FDA237 /* main.m */,
			);
			path = PopMenuView;
			sourceTree = "<group>";
		};
		9884E5BD214A5C6600FDA237 /* PopMenuView */ = {
			isa = PBXGroup;
			children = (
				9884E5B3214A569C00FDA237 /* PopMenuListCell.h */,
				9884E5B4214A569C00FDA237 /* PopMenuListCell.m */,
				9884E5B5214A569C00FDA237 /* PopMenuListCell.xib */,
				9884E585214A23F000FDA237 /* PopMenuView.h */,
				9884E586214A23F000FDA237 /* PopMenuView.m */,
			);
			path = PopMenuView;
			sourceTree = "<group>";
		};
/* End PBXGroup section */

/* Begin PBXNativeTarget section */
		9884E569214A17B600FDA237 /* PopMenuView */ = {
			isa = PBXNativeTarget;
			buildConfigurationList = 9884E580214A17B700FDA237 /* Build configuration list for PBXNativeTarget "PopMenuView" */;
			buildPhases = (
				9884E566214A17B600FDA237 /* Sources */,
				9884E567214A17B600FDA237 /* Frameworks */,
				9884E568214A17B600FDA237 /* Resources */,
			);
			buildRules = (
			);
			dependencies = (
			);
			name = PopMenuView;
			productName = PopMenuView;
			productReference = 9884E56A214A17B600FDA237 /* PopMenuView.app */;
			productType = "com.apple.product-type.application";
		};
/* End PBXNativeTarget section */

/* Begin PBXProject section */
		9884E562214A17B600FDA237 /* Project object */ = {
			isa = PBXProject;
			attributes = {
				LastUpgradeCheck = 0940;
				ORGANIZATIONNAME = "张志彬";
				TargetAttributes = {
					9884E569214A17B600FDA237 = {
						CreatedOnToolsVersion = 9.4.1;
					};
				};
			};
			buildConfigurationList = 9884E565214A17B600FDA237 /* Build configuration list for PBXProject "PopMenuView" */;
			compatibilityVersion = "Xcode 9.3";
			developmentRegion = en;
			hasScannedForEncodings = 0;
			knownRegions = (
				en,
				Base,
			);
			mainGroup = 9884E561214A17B600FDA237;
			productRefGroup = 9884E56B214A17B600FDA237 /* Products */;
			projectDirPath = "";
			projectRoot = "";
			targets = (
				9884E569214A17B600FDA237 /* PopMenuView */,
			);
		};
/* End PBXProject section */

/* Begin PBXResourcesBuildPhase section */
		9884E568214A17B600FDA237 /* Resources */ = {
			isa = PBXResourcesBuildPhase;
			buildActionMask = 2147483647;
			files = (
				9884E5B7214A569C00FDA237 /* PopMenuListCell.xib in Resources */,
				9884E57A214A17B700FDA237 /* LaunchScreen.storyboard in Resources */,
				9884E577214A17B700FDA237 /* Assets.xcassets in Resources */,
				9884E575214A17B600FDA237 /* Main.storyboard in Resources */,
			);
			runOnlyForDeploymentPostprocessing = 0;
		};
/* End PBXResourcesBuildPhase section */

/* Begin PBXSourcesBuildPhase section */
		9884E566214A17B600FDA237 /* Sources */ = {
			isa = PBXSourcesBuildPhase;
			buildActionMask = 2147483647;
			files = (
				9884E572214A17B600FDA237 /* ViewController.m in Sources */,
				9884E57D214A17B700FDA237 /* main.m in Sources */,
				9884E5B6214A569C00FDA237 /* PopMenuListCell.m in Sources */,
				9884E56F214A17B600FDA237 /* AppDelegate.m in Sources */,
				9884E587214A23F000FDA237 /* PopMenuView.m in Sources */,
			);
			runOnlyForDeploymentPostprocessing = 0;
		};
/* End PBXSourcesBuildPhase section */

/* Begin PBXVariantGroup section */
		9884E573214A17B600FDA237 /* Main.storyboard */ = {
			isa = PBXVariantGroup;
			children = (
				9884E574214A17B600FDA237 /* Base */,
			);
			name = Main.storyboard;
			sourceTree = "<group>";
		};
		9884E578214A17B700FDA237 /* LaunchScreen.storyboard */ = {
			isa = PBXVariantGroup;
			children = (
				9884E579214A17B700FDA237 /* Base */,
			);
			name = LaunchScreen.storyboard;
			sourceTree = "<group>";
		};
/* End PBXVariantGroup section */

/* Begin XCBuildConfiguration section */
		9884E57E214A17B700FDA237 /* Debug */ = {
			isa = XCBuildConfiguration;
			buildSettings = {
				ALWAYS_SEARCH_USER_PATHS = NO;
				CLANG_ANALYZER_NONNULL = YES;
				CLANG_ANALYZER_NUMBER_OBJECT_CONVERSION = YES_AGGRESSIVE;
				CLANG_CXX_LANGUAGE_STANDARD = "gnu++14";
				CLANG_CXX_LIBRARY = "libc++";
				CLANG_ENABLE_MODULES = YES;
				CLANG_ENABLE_OBJC_ARC = YES;
				CLANG_ENABLE_OBJC_WEAK = YES;
				CLANG_WARN_BLOCK_CAPTURE_AUTORELEASING = YES;
				CLANG_WARN_BOOL_CONVERSION = YES;
				CLANG_WARN_COMMA = YES;
				CLANG_WARN_CONSTANT_CONVERSION = YES;
				CLANG_WARN_DEPRECATED_OBJC_IMPLEMENTATIONS = YES;
				CLANG_WARN_DIRECT_OBJC_ISA_USAGE = YES_ERROR;
				CLANG_WARN_DOCUMENTATION_COMMENTS = YES;
				CLANG_WARN_EMPTY_BODY = YES;
				CLANG_WARN_ENUM_CONVERSION = YES;
				CLANG_WARN_INFINITE_RECURSION = YES;
				CLANG_WARN_INT_CONVERSION = YES;
				CLANG_WARN_NON_LITERAL_NULL_CONVERSION = YES;
				CLANG_WARN_OBJC_IMPLICIT_RETAIN_SELF = YES;
				CLANG_WARN_OBJC_LITERAL_CONVERSION = YES;
				CLANG_WARN_OBJC_ROOT_CLASS = YES_ERROR;
				CLANG_WARN_RANGE_LOOP_ANALYSIS = YES;
				CLANG_WARN_STRICT_PROTOTYPES = YES;
				CLANG_WARN_SUSPICIOUS_MOVE = YES;
				CLANG_WARN_UNGUARDED_AVAILABILITY = YES_AGGRESSIVE;
				CLANG_WARN_UNREACHABLE_CODE = YES;
				CLANG_WARN__DUPLICATE_METHOD_MATCH = YES;
				CODE_SIGN_IDENTITY = "iPhone Developer";
				COPY_PHASE_STRIP = NO;
				DEBUG_INFORMATION_FORMAT = dwarf;
				ENABLE_STRICT_OBJC_MSGSEND = YES;
				ENABLE_TESTABILITY = YES;
				GCC_C_LANGUAGE_STANDARD = gnu11;
				GCC_DYNAMIC_NO_PIC = NO;
				GCC_NO_COMMON_BLOCKS = YES;
				GCC_OPTIMIZATION_LEVEL = 0;
				GCC_PREPROCESSOR_DEFINITIONS = (
					"DEBUG=1",
					"$(inherited)",
				);
				GCC_WARN_64_TO_32_BIT_CONVERSION = YES;
				GCC_WARN_ABOUT_RETURN_TYPE = YES_ERROR;
				GCC_WARN_UNDECLARED_SELECTOR = YES;
				GCC_WARN_UNINITIALIZED_AUTOS = YES_AGGRESSIVE;
				GCC_WARN_UNUSED_FUNCTION = YES;
				GCC_WARN_UNUSED_VARIABLE = YES;
				IPHONEOS_DEPLOYMENT_TARGET = 11.4;
				MTL_ENABLE_DEBUG_INFO = YES;
				ONLY_ACTIVE_ARCH = YES;
				SDKROOT = iphoneos;
			};
			name = Debug;
		};
		9884E57F214A17B700FDA237 /* Release */ = {
			isa = XCBuildConfiguration;
			buildSettings = {
				ALWAYS_SEARCH_USER_PATHS = NO;
				CLANG_ANALYZER_NONNULL = YES;
				CLANG_ANALYZER_NUMBER_OBJECT_CONVERSION = YES_AGGRESSIVE;
				CLANG_CXX_LANGUAGE_STANDARD = "gnu++14";
				CLANG_CXX_LIBRARY = "libc++";
				CLANG_ENABLE_MODULES = YES;
				CLANG_ENABLE_OBJC_ARC = YES;
				CLANG_ENABLE_OBJC_WEAK = YES;
				CLANG_WARN_BLOCK_CAPTURE_AUTORELEASING = YES;
				CLANG_WARN_BOOL_CONVERSION = YES;
				CLANG_WARN_COMMA = YES;
				CLANG_WARN_CONSTANT_CONVERSION = YES;
				CLANG_WARN_DEPRECATED_OBJC_IMPLEMENTATIONS = YES;
				CLANG_WARN_DIRECT_OBJC_ISA_USAGE = YES_ERROR;
				CLANG_WARN_DOCUMENTATION_COMMENTS = YES;
				CLANG_WARN_EMPTY_BODY = YES;
				CLANG_WARN_ENUM_CONVERSION = YES;
				CLANG_WARN_INFINITE_RECURSION = YES;
				CLANG_WARN_INT_CONVERSION = YES;
				CLANG_WARN_NON_LITERAL_NULL_CONVERSION = YES;
				CLANG_WARN_OBJC_IMPLICIT_RETAIN_SELF = YES;
				CLANG_WARN_OBJC_LITERAL_CONVERSION = YES;
				CLANG_WARN_OBJC_ROOT_CLASS = YES_ERROR;
				CLANG_WARN_RANGE_LOOP_ANALYSIS = YES;
				CLANG_WARN_STRICT_PROTOTYPES = YES;
				CLANG_WARN_SUSPICIOUS_MOVE = YES;
				CLANG_WARN_UNGUARDED_AVAILABILITY = YES_AGGRESSIVE;
				CLANG_WARN_UNREACHABLE_CODE = YES;
				CLANG_WARN__DUPLICATE_METHOD_MATCH = YES;
				CODE_SIGN_IDENTITY = "iPhone Developer";
				COPY_PHASE_STRIP = NO;
				DEBUG_INFORMATION_FORMAT = "dwarf-with-dsym";
				ENABLE_NS_ASSERTIONS = NO;
				ENABLE_STRICT_OBJC_MSGSEND = YES;
				GCC_C_LANGUAGE_STANDARD = gnu11;
				GCC_NO_COMMON_BLOCKS = YES;
				GCC_WARN_64_TO_32_BIT_CONVERSION = YES;
				GCC_WARN_ABOUT_RETURN_TYPE = YES_ERROR;
				GCC_WARN_UNDECLARED_SELECTOR = YES;
				GCC_WARN_UNINITIALIZED_AUTOS = YES_AGGRESSIVE;
				GCC_WARN_UNUSED_FUNCTION = YES;
				GCC_WARN_UNUSED_VARIABLE = YES;
				IPHONEOS_DEPLOYMENT_TARGET = 11.4;
				MTL_ENABLE_DEBUG_INFO = NO;
				SDKROOT = iphoneos;
				VALIDATE_PRODUCT = YES;
			};
			name = Release;
		};
		9884E581214A17B700FDA237 /* Debug */ = {
			isa = XCBuildConfiguration;
			buildSettings = {
				ASSETCATALOG_COMPILER_APPICON_NAME = AppIcon;
				CODE_SIGN_STYLE = Automatic;
				INFOPLIST_FILE = PopMenuView/Info.plist;
				LD_RUNPATH_SEARCH_PATHS = (
					"$(inherited)",
					"@executable_path/Frameworks",
				);
				PRODUCT_BUNDLE_IDENTIFIER = com.zhangzb.PopMenuView;
				PRODUCT_NAME = "$(TARGET_NAME)";
				TARGETED_DEVICE_FAMILY = "1,2";
			};
			name = Debug;
		};
		9884E582214A17B700FDA237 /* Release */ = {
			isa = XCBuildConfiguration;
			buildSettings = {
				ASSETCATALOG_COMPILER_APPICON_NAME = AppIcon;
				CODE_SIGN_STYLE = Automatic;
				INFOPLIST_FILE = PopMenuView/Info.plist;
				LD_RUNPATH_SEARCH_PATHS = (
					"$(inherited)",
					"@executable_path/Frameworks",
				);
				PRODUCT_BUNDLE_IDENTIFIER = com.zhangzb.PopMenuView;
				PRODUCT_NAME = "$(TARGET_NAME)";
				TARGETED_DEVICE_FAMILY = "1,2";
			};
			name = Release;
		};
/* End XCBuildConfiguration section */

/* Begin XCConfigurationList section */
		9884E565214A17B600FDA237 /* Build configuration list for PBXProject "PopMenuView" */ = {
			isa = XCConfigurationList;
			buildConfigurations = (
				9884E57E214A17B700FDA237 /* Debug */,
				9884E57F214A17B700FDA237 /* Release */,
			);
			defaultConfigurationIsVisible = 0;
			defaultConfigurationName = Release;
		};
		9884E580214A17B700FDA237 /* Build configuration list for PBXNativeTarget "PopMenuView" */ = {
			isa = XCConfigurationList;
			buildConfigurations = (
				9884E581214A17B700FDA237 /* Debug */,
				9884E582214A17B700FDA237 /* Release */,
			);
			defaultConfigurationIsVisible = 0;
			defaultConfigurationName = Release;
		};
/* End XCConfigurationList section */
	};
	rootObject = 9884E562214A17B600FDA237 /* Project object */;
}
